
Microsoft Visual Studio Solution File, Format Version 12.00
# Visual Studio Version 17
VisualStudioVersion = 17.0.32014.148
MinimumVisualStudioVersion = 10.0.40219.1
Project("{FAE04EC0-301F-11D3-BF4B-00C04F79EFBC}") = "Api", "Api\Api.csproj", "{10146AEE-34FC-43F7-B9FD-21C4A4BE55A0}"
EndProject
Project("{FAE04EC0-301F-11D3-BF4B-00C04F79EFBC}") = "SharedModels", "SharedModels\SharedModels.csproj", "{CCBF36C7-67F3-4503-AAA8-FE8811AE3BD7}"
EndProject
Project("{FAE04EC0-301F-11D3-BF4B-00C04F79EFBC}") = "Services", "Services\Services.csproj", "{2A3D8EA7-106E-4091-AB55-52EDCB37628C}"
EndProject
Project("{FAE04EC0-301F-11D3-BF4B-00C04F79EFBC}") = "Infrastructure", "Infrastructure\Infrastructure.csproj", "{13DE35B7-DCE1-46B7-8992-73151843CC15}"
EndProject
Global
	GlobalSection(SolutionConfigurationPlatforms) = preSolution
		Debug|Any CPU = Debug|Any CPU
		Release|Any CPU = Release|Any CPU
	EndGlobalSection
	GlobalSection(ProjectConfigurationPlatforms) = postSolution
		{10146AEE-34FC-43F7-B9FD-21C4A4BE55A0}.Debug|Any CPU.ActiveCfg = Debug|Any CPU
		{10146AEE-34FC-43F7-B9FD-21C4A4BE55A0}.Debug|Any CPU.Build.0 = Debug|Any CPU
		{10146AEE-34FC-43F7-B9FD-21C4A4BE55A0}.Release|Any CPU.ActiveCfg = Release|Any CPU
		{10146AEE-34FC-43F7-B9FD-21C4A4BE55A0}.Release|Any CPU.Build.0 = Release|Any CPU
		{CCBF36C7-67F3-4503-AAA8-FE8811AE3BD7}.Debug|Any CPU.ActiveCfg = Debug|Any CPU
		{CCBF36C7-67F3-4503-AAA8-FE8811AE3BD7}.Debug|Any CPU.Build.0 = Debug|Any CPU
		{CCBF36C7-67F3-4503-AAA8-FE8811AE3BD7}.Release|Any CPU.ActiveCfg = Release|Any CPU
		{CCBF36C7-67F3-4503-AAA8-FE8811AE3BD7}.Release|Any CPU.Build.0 = Release|Any CPU
		{2A3D8EA7-106E-4091-AB55-52EDCB37628C}.Debug|Any CPU.ActiveCfg = Debug|Any CPU
		{2A3D8EA7-106E-4091-AB55-52EDCB37628C}.Debug|Any CPU.Build.0 = Debug|Any CPU
		{2A3D8EA7-106E-4091-AB55-52EDCB37628C}.Release|Any CPU.ActiveCfg = Release|Any CPU
		{2A3D8EA7-106E-4091-AB55-52EDCB37628C}.Release|Any CPU.Build.0 = Release|Any CPU
		{13DE35B7-DCE1-46B7-8992-73151843CC15}.Debug|Any CPU.ActiveCfg = Debug|Any CPU
		{13DE35B7-DCE1-46B7-8992-73151843CC15}.Debug|Any CPU.Build.0 = Debug|Any CPU
		{13DE35B7-DCE1-46B7-8992-73151843CC15}.Release|Any CPU.ActiveCfg = Release|Any CPU
		{13DE35B7-DCE1-46B7-8992-73151843CC15}.Release|Any CPU.Build.0 = Release|Any CPU
	EndGlobalSection
	GlobalSection(SolutionProperties) = preSolution
		HideSolutionNode = FALSE
	EndGlobalSection
	GlobalSection(ExtensibilityGlobals) = postSolution
		SolutionGuid = {988A42D4-4248-4BC5-9FB5-D06A1B695421}
	EndGlobalSection
EndGlobal
